// !$*UTF8*$!
{
	archiveVersion = 1;
	classes = {
	};
	objectVersion = 48;
	objects = {

/* Begin PBXBuildFile section */
		223C4DF3209C67DF004DEFB4 /* AppDelegate.swift in Sources */ = {isa = PBXBuildFile; fileRef = 223C4DF2209C67DF004DEFB4 /* AppDelegate.swift */; };
		223C4DF5209C67DF004DEFB4 /* ViewController.swift in Sources */ = {isa = PBXBuildFile; fileRef = 223C4DF4209C67DF004DEFB4 /* ViewController.swift */; };
		223C4DF8209C67DF004DEFB4 /* Main.storyboard in Resources */ = {isa = PBXBuildFile; fileRef = 223C4DF6209C67DF004DEFB4 /* Main.storyboard */; };
		223C4DFA209C67DF004DEFB4 /* Assets.xcassets in Resources */ = {isa = PBXBuildFile; fileRef = 223C4DF9209C67DF004DEFB4 /* Assets.xcassets */; };
		223C4DFD209C67DF004DEFB4 /* LaunchScreen.storyboard in Resources */ = {isa = PBXBuildFile; fileRef = 223C4DFB209C67DF004DEFB4 /* LaunchScreen.storyboard */; };
		22960E9E20B0735E004CD8F8 /* UIImagePickerController.swift in Sources */ = {isa = PBXBuildFile; fileRef = 22960E9D20B0735E004CD8F8 /* UIImagePickerController.swift */; };
		22EA1E69209F8691008C3F9C /* GridView.swift in Sources */ = {isa = PBXBuildFile; fileRef = 22EA1E68209F8691008C3F9C /* GridView.swift */; };
		22EA985B20A705D50001E737 /* ThirstySoftRegular.otf in Resources */ = {isa = PBXBuildFile; fileRef = 22EA1E63209F3ECA008C3F9C /* ThirstySoftRegular.otf */; };
		22EA985C20A705D80001E737 /* Delm-Medium.otf in Resources */ = {isa = PBXBuildFile; fileRef = 22EA1E62209F3EC5008C3F9C /* Delm-Medium.otf */; };
		22EFFBD720BDDDF80044F1A8 /* Helper.swift in Sources */ = {isa = PBXBuildFile; fileRef = 22EFFBD620BDDDF80044F1A8 /* Helper.swift */; };
/* End PBXBuildFile section */

/* Begin PBXFileReference section */
		223C4DEF209C67DF004DEFB4 /* Instagrid.app */ = {isa = PBXFileReference; explicitFileType = wrapper.application; includeInIndex = 0; path = Instagrid.app; sourceTree = BUILT_PRODUCTS_DIR; };
		223C4DF2209C67DF004DEFB4 /* AppDelegate.swift */ = {isa = PBXFileReference; lastKnownFileType = sourcecode.swift; path = AppDelegate.swift; sourceTree = "<group>"; };
		223C4DF4209C67DF004DEFB4 /* ViewController.swift */ = {isa = PBXFileReference; lastKnownFileType = sourcecode.swift; path = ViewController.swift; sourceTree = "<group>"; };
		223C4DF7209C67DF004DEFB4 /* Base */ = {isa = PBXFileReference; lastKnownFileType = file.storyboard; name = Base; path = Base.lproj/Main.storyboard; sourceTree = "<group>"; };
		223C4DF9209C67DF004DEFB4 /* Assets.xcassets */ = {isa = PBXFileReference; lastKnownFileType = folder.assetcatalog; path = Assets.xcassets; sourceTree = "<group>"; };
		223C4DFC209C67DF004DEFB4 /* Base */ = {isa = PBXFileReference; lastKnownFileType = file.storyboard; name = Base; path = Base.lproj/LaunchScreen.storyboard; sourceTree = "<group>"; };
		223C4DFE209C67DF004DEFB4 /* Info.plist */ = {isa = PBXFileReference; lastKnownFileType = text.plist.xml; path = Info.plist; sourceTree = "<group>"; };
		22960E9D20B0735E004CD8F8 /* UIImagePickerController.swift */ = {isa = PBXFileReference; lastKnownFileType = sourcecode.swift; path = UIImagePickerController.swift; sourceTree = "<group>"; };
		22EA1E62209F3EC5008C3F9C /* Delm-Medium.otf */ = {isa = PBXFileReference; lastKnownFileType = file; path = "Delm-Medium.otf"; sourceTree = "<group>"; };
		22EA1E63209F3ECA008C3F9C /* ThirstySoftRegular.otf */ = {isa = PBXFileReference; lastKnownFileType = file; path = ThirstySoftRegular.otf; sourceTree = "<group>"; };
		22EA1E68209F8691008C3F9C /* GridView.swift */ = {isa = PBXFileReference; lastKnownFileType = sourcecode.swift; path = GridView.swift; sourceTree = "<group>"; };
		22EFFBD620BDDDF80044F1A8 /* Helper.swift */ = {isa = PBXFileReference; lastKnownFileType = sourcecode.swift; path = Helper.swift; sourceTree = "<group>"; };
/* End PBXFileReference section */

/* Begin PBXFrameworksBuildPhase section */
		223C4DEC209C67DF004DEFB4 /* Frameworks */ = {
			isa = PBXFrameworksBuildPhase;
			buildActionMask = 2147483647;
			files = (
			);
			runOnlyForDeploymentPostprocessing = 0;
		};
/* End PBXFrameworksBuildPhase section */

/* Begin PBXGroup section */
		223C4DE6209C67DF004DEFB4 = {
			isa = PBXGroup;
			children = (
				223C4DF1209C67DF004DEFB4 /* Instagrid */,
				223C4DF0209C67DF004DEFB4 /* Products */,
			);
			sourceTree = "<group>";
		};
		223C4DF0209C67DF004DEFB4 /* Products */ = {
			isa = PBXGroup;
			children = (
				223C4DEF209C67DF004DEFB4 /* Instagrid.app */,
			);
			name = Products;
			sourceTree = "<group>";
		};
		223C4DF1209C67DF004DEFB4 /* Instagrid */ = {
			isa = PBXGroup;
			children = (
				22EA1E61209F3EA2008C3F9C /* Supporting Files */,
				22EA1E60209F3E7D008C3F9C /* Model */,
				22EA1E5F209F3E5E008C3F9C /* View */,
				22EA1E5E209F3E4B008C3F9C /* Controller */,
				223C4DFE209C67DF004DEFB4 /* Info.plist */,
			);
			path = Instagrid;
			sourceTree = "<group>";
		};
		22EA1E5E209F3E4B008C3F9C /* Controller */ = {
			isa = PBXGroup;
			children = (
				223C4DF4209C67DF004DEFB4 /* ViewController.swift */,
			);
			path = Controller;
			sourceTree = "<group>";
		};
		22EA1E5F209F3E5E008C3F9C /* View */ = {
			isa = PBXGroup;
			children = (
				223C4DFB209C67DF004DEFB4 /* LaunchScreen.storyboard */,
				223C4DF6209C67DF004DEFB4 /* Main.storyboard */,
				22EA1E68209F8691008C3F9C /* GridView.swift */,
			);
			path = View;
			sourceTree = "<group>";
		};
		22EA1E60209F3E7D008C3F9C /* Model */ = {
			isa = PBXGroup;
			children = (
				22960E9D20B0735E004CD8F8 /* UIImagePickerController.swift */,
				22EFFBD620BDDDF80044F1A8 /* Helper.swift */,
			);
			path = Model;
			sourceTree = "<group>";
		};
		22EA1E61209F3EA2008C3F9C /* Supporting Files */ = {
			isa = PBXGroup;
			children = (
				223C4DF2209C67DF004DEFB4 /* AppDelegate.swift */,
				223C4DF9209C67DF004DEFB4 /* Assets.xcassets */,
				22EA1E62209F3EC5008C3F9C /* Delm-Medium.otf */,
				22EA1E63209F3ECA008C3F9C /* ThirstySoftRegular.otf */,
			);
			path = "Supporting Files";
			sourceTree = "<group>";
		};
/* End PBXGroup section */

/* Begin PBXNativeTarget section */
		223C4DEE209C67DF004DEFB4 /* Instagrid */ = {
			isa = PBXNativeTarget;
			buildConfigurationList = 223C4E01209C67DF004DEFB4 /* Build configuration list for PBXNativeTarget "Instagrid" */;
			buildPhases = (
				223C4DEB209C67DF004DEFB4 /* Sources */,
				223C4DEC209C67DF004DEFB4 /* Frameworks */,
				223C4DED209C67DF004DEFB4 /* Resources */,
			);
			buildRules = (
			);
			dependencies = (
			);
			name = Instagrid;
			productName = Instagrid;
			productReference = 223C4DEF209C67DF004DEFB4 /* Instagrid.app */;
			productType = "com.apple.product-type.application";
		};
/* End PBXNativeTarget section */

/* Begin PBXProject section */
		223C4DE7209C67DF004DEFB4 /* Project object */ = {
			isa = PBXProject;
			attributes = {
				LastSwiftUpdateCheck = 0920;
				LastUpgradeCheck = 0930;
				ORGANIZATIONNAME = Co5ta;
				TargetAttributes = {
					223C4DEE209C67DF004DEFB4 = {
						CreatedOnToolsVersion = 9.2;
						LastSwiftMigration = 0920;
						ProvisioningStyle = Automatic;
					};
				};
			};
			buildConfigurationList = 223C4DEA209C67DF004DEFB4 /* Build configuration list for PBXProject "Instagrid" */;
			compatibilityVersion = "Xcode 8.0";
			developmentRegion = en;
			hasScannedForEncodings = 0;
			knownRegions = (
				en,
				Base,
			);
			mainGroup = 223C4DE6209C67DF004DEFB4;
			productRefGroup = 223C4DF0209C67DF004DEFB4 /* Products */;
			projectDirPath = "";
			projectRoot = "";
			targets = (
				223C4DEE209C67DF004DEFB4 /* Instagrid */,
			);
		};
/* End PBXProject section */

/* Begin PBXResourcesBuildPhase section */
		223C4DED209C67DF004DEFB4 /* Resources */ = {
			isa = PBXResourcesBuildPhase;
			buildActionMask = 2147483647;
			files = (
				223C4DFD209C67DF004DEFB4 /* LaunchScreen.storyboard in Resources */,
				22EA985C20A705D80001E737 /* Delm-Medium.otf in Resources */,
				223C4DFA209C67DF004DEFB4 /* Assets.xcassets in Resources */,
				22EA985B20A705D50001E737 /* ThirstySoftRegular.otf in Resources */,
				223C4DF8209C67DF004DEFB4 /* Main.storyboard in Resources */,
			);
			runOnlyForDeploymentPostprocessing = 0;
		};
/* End PBXResourcesBuildPhase section */

/* Begin PBXSourcesBuildPhase section */
		223C4DEB209C67DF004DEFB4 /* Sources */ = {
			isa = PBXSourcesBuildPhase;
			buildActionMask = 2147483647;
			files = (
				223C4DF5209C67DF004DEFB4 /* ViewController.swift in Sources */,
				223C4DF3209C67DF004DEFB4 /* AppDelegate.swift in Sources */,
				22EFFBD720BDDDF80044F1A8 /* Helper.swift in Sources */,
				22EA1E69209F8691008C3F9C /* GridView.swift in Sources */,
				22960E9E20B0735E004CD8F8 /* UIImagePickerController.swift in Sources */,
			);
			runOnlyForDeploymentPostprocessing = 0;
		};
/* End PBXSourcesBuildPhase section */

/* Begin PBXVariantGroup section */
		223C4DF6209C67DF004DEFB4 /* Main.storyboard */ = {
			isa = PBXVariantGroup;
			children = (
				223C4DF7209C67DF004DEFB4 /* Base */,
			);
			name = Main.storyboard;
			sourceTree = "<group>";
		};
		223C4DFB209C67DF004DEFB4 /* LaunchScreen.storyboard */ = {
			isa = PBXVariantGroup;
			children = (
				223C4DFC209C67DF004DEFB4 /* Base */,
			);
			name = LaunchScreen.storyboard;
			sourceTree = "<group>";
		};
/* End PBXVariantGroup section */

/* Begin XCBuildConfiguration section */
		223C4DFF209C67DF004DEFB4 /* Debug */ = {
			isa = XCBuildConfiguration;
			buildSettings = {
				ALWAYS_SEARCH_USER_PATHS = NO;
				CLANG_ANALYZER_NONNULL = YES;
				CLANG_ANALYZER_NUMBER_OBJECT_CONVERSION = YES_AGGRESSIVE;
				CLANG_CXX_LANGUAGE_STANDARD = "gnu++14";
				CLANG_CXX_LIBRARY = "libc++";
				CLANG_ENABLE_MODULES = YES;
				CLANG_ENABLE_OBJC_ARC = YES;
				CLANG_WARN_BLOCK_CAPTURE_AUTORELEASING = YES;
				CLANG_WARN_BOOL_CONVERSION = YES;
				CLANG_WARN_COMMA = YES;
				CLANG_WARN_CONSTANT_CONVERSION = YES;
				CLANG_WARN_DEPRECATED_OBJC_IMPLEMENTATIONS = YES;
				CLANG_WARN_DIRECT_OBJC_ISA_USAGE = YES_ERROR;
				CLANG_WARN_DOCUMENTATION_COMMENTS = YES;
				CLANG_WARN_EMPTY_BODY = YES;
				CLANG_WARN_ENUM_CONVERSION = YES;
				CLANG_WARN_INFINITE_RECURSION = YES;
				CLANG_WARN_INT_CONVERSION = YES;
				CLANG_WARN_NON_LITERAL_NULL_CONVERSION = YES;
				CLANG_WARN_OBJC_IMPLICIT_RETAIN_SELF = YES;
				CLANG_WARN_OBJC_LITERAL_CONVERSION = YES;
				CLANG_WARN_OBJC_ROOT_CLASS = YES_ERROR;
				CLANG_WARN_RANGE_LOOP_ANALYSIS = YES;
				CLANG_WARN_STRICT_PROTOTYPES = YES;
				CLANG_WARN_SUSPICIOUS_MOVE = YES;
				CLANG_WARN_UNGUARDED_AVAILABILITY = YES_AGGRESSIVE;
				CLANG_WARN_UNREACHABLE_CODE = YES;
				CLANG_WARN__DUPLICATE_METHOD_MATCH = YES;
				CODE_SIGN_IDENTITY = "iPhone Developer";
				COPY_PHASE_STRIP = NO;
				DEBUG_INFORMATION_FORMAT = dwarf;
				ENABLE_STRICT_OBJC_MSGSEND = YES;
				ENABLE_TESTABILITY = YES;
				GCC_C_LANGUAGE_STANDARD = gnu11;
				GCC_DYNAMIC_NO_PIC = NO;
				GCC_NO_COMMON_BLOCKS = YES;
				GCC_OPTIMIZATION_LEVEL = 0;
				GCC_PREPROCESSOR_DEFINITIONS = (
					"DEBUG=1",
					"$(inherited)",
				);
				GCC_WARN_64_TO_32_BIT_CONVERSION = YES;
				GCC_WARN_ABOUT_RETURN_TYPE = YES_ERROR;
				GCC_WARN_UNDECLARED_SELECTOR = YES;
				GCC_WARN_UNINITIALIZED_AUTOS = YES_AGGRESSIVE;
				GCC_WARN_UNUSED_FUNCTION = YES;
				GCC_WARN_UNUSED_VARIABLE = YES;
				IPHONEOS_DEPLOYMENT_TARGET = 11.0;
				MTL_ENABLE_DEBUG_INFO = YES;
				ONLY_ACTIVE_ARCH = YES;
				SDKROOT = iphoneos;
				SWIFT_ACTIVE_COMPILATION_CONDITIONS = DEBUG;
				SWIFT_OPTIMIZATION_LEVEL = "-Onone";
			};
			name = Debug;
		};
		223C4E00209C67DF004DEFB4 /* Release */ = {
			isa = XCBuildConfiguration;
			buildSettings = {
				ALWAYS_SEARCH_USER_PATHS = NO;
				CLANG_ANALYZER_NONNULL = YES;
				CLANG_ANALYZER_NUMBER_OBJECT_CONVERSION = YES_AGGRESSIVE;
				CLANG_CXX_LANGUAGE_STANDARD = "gnu++14";
				CLANG_CXX_LIBRARY = "libc++";
				CLANG_ENABLE_MODULES = YES;
				CLANG_ENABLE_OBJC_ARC = YES;
				CLANG_WARN_BLOCK_CAPTURE_AUTORELEASING = YES;
				CLANG_WARN_BOOL_CONVERSION = YES;
				CLANG_WARN_COMMA = YES;
				CLANG_WARN_CONSTANT_CONVERSION = YES;
				CLANG_WARN_DEPRECATED_OBJC_IMPLEMENTATIONS = YES;
				CLANG_WARN_DIRECT_OBJC_ISA_USAGE = YES_ERROR;
				CLANG_WARN_DOCUMENTATION_COMMENTS = YES;
				CLANG_WARN_EMPTY_BODY = YES;
				CLANG_WARN_ENUM_CONVERSION = YES;
				CLANG_WARN_INFINITE_RECURSION = YES;
				CLANG_WARN_INT_CONVERSION = YES;
				CLANG_WARN_NON_LITERAL_NULL_CONVERSION = YES;
				CLANG_WARN_OBJC_IMPLICIT_RETAIN_SELF = YES;
				CLANG_WARN_OBJC_LITERAL_CONVERSION = YES;
				CLANG_WARN_OBJC_ROOT_CLASS = YES_ERROR;
				CLANG_WARN_RANGE_LOOP_ANALYSIS = YES;
				CLANG_WARN_STRICT_PROTOTYPES = YES;
				CLANG_WARN_SUSPICIOUS_MOVE = YES;
				CLANG_WARN_UNGUARDED_AVAILABILITY = YES_AGGRESSIVE;
				CLANG_WARN_UNREACHABLE_CODE = YES;
				CLANG_WARN__DUPLICATE_METHOD_MATCH = YES;
				CODE_SIGN_IDENTITY = "iPhone Developer";
				COPY_PHASE_STRIP = NO;
				DEBUG_INFORMATION_FORMAT = "dwarf-with-dsym";
				ENABLE_NS_ASSERTIONS = NO;
				ENABLE_STRICT_OBJC_MSGSEND = YES;
				GCC_C_LANGUAGE_STANDARD = gnu11;
				GCC_NO_COMMON_BLOCKS = YES;
				GCC_WARN_64_TO_32_BIT_CONVERSION = YES;
				GCC_WARN_ABOUT_RETURN_TYPE = YES_ERROR;
				GCC_WARN_UNDECLARED_SELECTOR = YES;
				GCC_WARN_UNINITIALIZED_AUTOS = YES_AGGRESSIVE;
				GCC_WARN_UNUSED_FUNCTION = YES;
				GCC_WARN_UNUSED_VARIABLE = YES;
				IPHONEOS_DEPLOYMENT_TARGET = 11.0;
				MTL_ENABLE_DEBUG_INFO = NO;
				SDKROOT = iphoneos;
				SWIFT_OPTIMIZATION_LEVEL = "-Owholemodule";
				VALIDATE_PRODUCT = YES;
			};
			name = Release;
		};
		223C4E02209C67DF004DEFB4 /* Debug */ = {
			isa = XCBuildConfiguration;
			buildSettings = {
				ASSETCATALOG_COMPILER_APPICON_NAME = AppIcon;
				"CODE_SIGN_IDENTITY[sdk=iphoneos*]" = "iPhone Developer";
				CODE_SIGN_STYLE = Automatic;
				DEVELOPMENT_TEAM = PQ32JTG8M8;
				INFOPLIST_FILE = Instagrid/Info.plist;
				IPHONEOS_DEPLOYMENT_TARGET = 11.0;
				LD_RUNPATH_SEARCH_PATHS = "$(inherited) @executable_path/Frameworks";
				PRODUCT_BUNDLE_IDENTIFIER = com.co5ta.Instagrid;
				PRODUCT_NAME = "$(TARGET_NAME)";
				PROVISIONING_PROFILE_SPECIFIER = "";
				SDKROOT = iphoneos;
				SWIFT_VERSION = 5.0;
				TARGETED_DEVICE_FAMILY = "1,2";
			};
			name = Debug;
		};
		223C4E03209C67DF004DEFB4 /* Release */ = {
			isa = XCBuildConfiguration;
			buildSettings = {
				ASSETCATALOG_COMPILER_APPICON_NAME = AppIcon;
				"CODE_SIGN_IDENTITY[sdk=iphoneos*]" = "iPhone Developer";
				CODE_SIGN_STYLE = Automatic;
				DEVELOPMENT_TEAM = PQ32JTG8M8;
				INFOPLIST_FILE = Instagrid/Info.plist;
				IPHONEOS_DEPLOYMENT_TARGET = 11.0;
				LD_RUNPATH_SEARCH_PATHS = "$(inherited) @executable_path/Frameworks";
				PRODUCT_BUNDLE_IDENTIFIER = com.co5ta.Instagrid;
				PRODUCT_NAME = "$(TARGET_NAME)";
				PROVISIONING_PROFILE_SPECIFIER = "";
				SDKROOT = iphoneos;
				SWIFT_VERSION = 5.0;
				TARGETED_DEVICE_FAMILY = "1,2";
			};
			name = Release;
		};
/* End XCBuildConfiguration section */

/* Begin XCConfigurationList section */
		223C4DEA209C67DF004DEFB4 /* Build configuration list for PBXProject "Instagrid" */ = {
			isa = XCConfigurationList;
			buildConfigurations = (
				223C4DFF209C67DF004DEFB4 /* Debug */,
				223C4E00209C67DF004DEFB4 /* Release */,
			);
			defaultConfigurationIsVisible = 0;
			defaultConfigurationName = Release;
		};
		223C4E01209C67DF004DEFB4 /* Build configuration list for PBXNativeTarget "Instagrid" */ = {
			isa = XCConfigurationList;
			buildConfigurations = (
				223C4E02209C67DF004DEFB4 /* Debug */,
				223C4E03209C67DF004DEFB4 /* Release */,
			);
			defaultConfigurationIsVisible = 0;
			defaultConfigurationName = Release;
		};
/* End XCConfigurationList section */
	};
	rootObject = 223C4DE7209C67DF004DEFB4 /* Project object */;
}
